
Microsoft Visual Studio Solution File, Format Version 12.00
# Visual Studio Version 16
VisualStudioVersion = 16.0.32106.194
MinimumVisualStudioVersion = 10.0.40219.1
Project("{FAE04EC0-301F-11D3-BF4B-00C04F79EFBC}") = "ClassWork", "ClassWork\ClassWork.csproj", "{6A8F38A8-F89F-4C36-B50D-6C20B2514346}"
EndProject
Project("{FAE04EC0-301F-11D3-BF4B-00C04F79EFBC}") = "Static", "Static\Static.csproj", "{95B916A8-8751-4185-8C32-70DA8C642A75}"
EndProject
Global
	GlobalSection(SolutionConfigurationPlatforms) = preSolution
		Debug|Any CPU = Debug|Any CPU
		Release|Any CPU = Release|Any CPU
	EndGlobalSection
	GlobalSection(ProjectConfigurationPlatforms) = postSolution
		{6A8F38A8-F89F-4C36-B50D-6C20B2514346}.Debug|Any CPU.ActiveCfg = Debug|Any CPU
		{6A8F38A8-F89F-4C36-B50D-6C20B2514346}.Debug|Any CPU.Build.0 = Debug|Any CPU
		{6A8F38A8-F89F-4C36-B50D-6C20B2514346}.Release|Any CPU.ActiveCfg = Release|Any CPU
		{6A8F38A8-F89F-4C36-B50D-6C20B2514346}.Release|Any CPU.Build.0 = Release|Any CPU
		{95B916A8-8751-4185-8C32-70DA8C642A75}.Debug|Any CPU.ActiveCfg = Debug|Any CPU
		{95B916A8-8751-4185-8C32-70DA8C642A75}.Debug|Any CPU.Build.0 = Debug|Any CPU
		{95B916A8-8751-4185-8C32-70DA8C642A75}.Release|Any CPU.ActiveCfg = Release|Any CPU
		{95B916A8-8751-4185-8C32-70DA8C642A75}.Release|Any CPU.Build.0 = Release|Any CPU
	EndGlobalSection
	GlobalSection(SolutionProperties) = preSolution
		HideSolutionNode = FALSE
	EndGlobalSection
	GlobalSection(ExtensibilityGlobals) = postSolution
		SolutionGuid = {2D416239-2CD5-4CA2-B1AC-FA419B0CBD5E}
	EndGlobalSection
EndGlobal
